dependencies:
  espressif/cmake_utilities:
    component_hash: 351350613ceafba240b761b4ea991e0f231ac7a9f59a9ee901f751bddc0bb18f
    source:
      service_url: https://api.components.espressif.com/
      type: service
    version: 0.5.3
  espressif/keyboard_button:
    component_hash: fbcf305f953d168561a722eb9afa5d62e714e4aba252867d770bc70afa1f5842
    source:
      service_url: https://api.components.espressif.com/
      type: service
    version: 0.1.0
  idf:
    component_hash: null
    source:
      type: idf
    version: 5.2.1
manifest_hash: fa28720b6a98aedf5517b04027a1707757d6db6972d700bdc844a35e8c970f23
target: esp32
version: 1.0.0
